// !$*UTF8*$!
{
	archiveVersion = 1;
	classes = {
	};
	objectVersion = 46;
	objects = {

/* Begin PBXBuildFile section */
		1A2CE1391B7FD3DE00EC712F /* ViewController.swift in Sources */ = {isa = PBXBuildFile; fileRef = 1A2CE12C1B7FD3DE00EC712F /* ViewController.swift */; };
		1A2CE13A1B7FD3DE00EC712F /* Atoms.swift in Sources */ = {isa = PBXBuildFile; fileRef = 1A2CE12E1B7FD3DE00EC712F /* Atoms.swift */; };
		1A2CE13B1B7FD3DE00EC712F /* Molecules.swift in Sources */ = {isa = PBXBuildFile; fileRef = 1A2CE12F1B7FD3DE00EC712F /* Molecules.swift */; };
		1A2CE13C1B7FD3DE00EC712F /* EthanolScene.dae in Resources */ = {isa = PBXBuildFile; fileRef = 1A2CE1311B7FD3DE00EC712F /* EthanolScene.dae */; };
		1A2CE13D1B7FD3DE00EC712F /* Images.xcassets in Resources */ = {isa = PBXBuildFile; fileRef = 1A2CE1321B7FD3DE00EC712F /* Images.xcassets */; };
		1A2CE13E1B7FD3DE00EC712F /* AppDelegate.swift in Sources */ = {isa = PBXBuildFile; fileRef = 1A2CE1341B7FD3DE00EC712F /* AppDelegate.swift */; };
		1A2CE1401B7FD3DE00EC712F /* Main.storyboard in Resources */ = {isa = PBXBuildFile; fileRef = 1A2CE1371B7FD3DE00EC712F /* Main.storyboard */; };
/* End PBXBuildFile section */

/* Begin PBXFileReference section */
		1A2CE12C1B7FD3DE00EC712F /* ViewController.swift */ = {isa = PBXFileReference; fileEncoding = 4; lastKnownFileType = sourcecode.swift; path = ViewController.swift; sourceTree = "<group>"; };
		1A2CE12E1B7FD3DE00EC712F /* Atoms.swift */ = {isa = PBXFileReference; fileEncoding = 4; lastKnownFileType = sourcecode.swift; path = Atoms.swift; sourceTree = "<group>"; };
		1A2CE12F1B7FD3DE00EC712F /* Molecules.swift */ = {isa = PBXFileReference; fileEncoding = 4; lastKnownFileType = sourcecode.swift; path = Molecules.swift; sourceTree = "<group>"; };
		1A2CE1311B7FD3DE00EC712F /* EthanolScene.dae */ = {isa = PBXFileReference; fileEncoding = 4; lastKnownFileType = text.xml.dae; path = EthanolScene.dae; sourceTree = "<group>"; };
		1A2CE1321B7FD3DE00EC712F /* Images.xcassets */ = {isa = PBXFileReference; lastKnownFileType = folder.assetcatalog; path = Images.xcassets; sourceTree = "<group>"; };
		1A2CE1341B7FD3DE00EC712F /* AppDelegate.swift */ = {isa = PBXFileReference; fileEncoding = 4; lastKnownFileType = sourcecode.swift; path = AppDelegate.swift; sourceTree = "<group>"; };
		1A2CE1351B7FD3DE00EC712F /* Info.plist */ = {isa = PBXFileReference; fileEncoding = 4; lastKnownFileType = text.plist.xml; path = Info.plist; sourceTree = "<group>"; };
		1A2CE1371B7FD3DE00EC712F /* Main.storyboard */ = {isa = PBXFileReference; fileEncoding = 4; lastKnownFileType = file.storyboard; path = Main.storyboard; sourceTree = "<group>"; };
		80EE09BA196A4C4A00B77AB0 /* CarbonVisualizer.app */ = {isa = PBXFileReference; explicitFileType = wrapper.application; includeInIndex = 0; path = CarbonVisualizer.app; sourceTree = BUILT_PRODUCTS_DIR; };
/* End PBXFileReference section */

/* Begin PBXFrameworksBuildPhase section */
		80EE09B7196A4C4A00B77AB0 /* Frameworks */ = {
			isa = PBXFrameworksBuildPhase;
			buildActionMask = 2147483647;
			files = (
			);
			runOnlyForDeploymentPostprocessing = 0;
		};
/* End PBXFrameworksBuildPhase section */

/* Begin PBXGroup section */
		1A2CE12A1B7FD3DE00EC712F /* CarbonVisualizer */ = {
			isa = PBXGroup;
			children = (
				1A2CE12B1B7FD3DE00EC712F /* Controller */,
				1A2CE12D1B7FD3DE00EC712F /* Model */,
				1A2CE1301B7FD3DE00EC712F /* Resources */,
				1A2CE1331B7FD3DE00EC712F /* Supporting-Files */,
				1A2CE1361B7FD3DE00EC712F /* User-Interface */,
				1A2CE1381B7FD3DE00EC712F /* View */,
			);
			path = CarbonVisualizer;
			sourceTree = "<group>";
		};
		1A2CE12B1B7FD3DE00EC712F /* Controller */ = {
			isa = PBXGroup;
			children = (
				1A2CE12C1B7FD3DE00EC712F /* ViewController.swift */,
			);
			path = Controller;
			sourceTree = "<group>";
		};
		1A2CE12D1B7FD3DE00EC712F /* Model */ = {
			isa = PBXGroup;
			children = (
				1A2CE12E1B7FD3DE00EC712F /* Atoms.swift */,
				1A2CE12F1B7FD3DE00EC712F /* Molecules.swift */,
			);
			path = Model;
			sourceTree = "<group>";
		};
		1A2CE1301B7FD3DE00EC712F /* Resources */ = {
			isa = PBXGroup;
			children = (
				1A2CE1311B7FD3DE00EC712F /* EthanolScene.dae */,
				1A2CE1321B7FD3DE00EC712F /* Images.xcassets */,
			);
			path = Resources;
			sourceTree = "<group>";
		};
		1A2CE1331B7FD3DE00EC712F /* Supporting-Files */ = {
			isa = PBXGroup;
			children = (
				1A2CE1341B7FD3DE00EC712F /* AppDelegate.swift */,
				1A2CE1351B7FD3DE00EC712F /* Info.plist */,
			);
			path = "Supporting-Files";
			sourceTree = "<group>";
		};
		1A2CE1361B7FD3DE00EC712F /* User-Interface */ = {
			isa = PBXGroup;
			children = (
				1A2CE1371B7FD3DE00EC712F /* Main.storyboard */,
			);
			path = "User-Interface";
			sourceTree = "<group>";
		};
		1A2CE1381B7FD3DE00EC712F /* View */ = {
			isa = PBXGroup;
			children = (
			);
			path = View;
			sourceTree = "<group>";
		};
		80EE09B1196A4C4A00B77AB0 = {
			isa = PBXGroup;
			children = (
				1A2CE12A1B7FD3DE00EC712F /* CarbonVisualizer */,
				80EE09BB196A4C4A00B77AB0 /* Products */,
			);
			sourceTree = "<group>";
		};
		80EE09BB196A4C4A00B77AB0 /* Products */ = {
			isa = PBXGroup;
			children = (
				80EE09BA196A4C4A00B77AB0 /* CarbonVisualizer.app */,
			);
			name = Products;
			sourceTree = "<group>";
		};
/* End PBXGroup section */

/* Begin PBXNativeTarget section */
		80EE09B9196A4C4A00B77AB0 /* CarbonVisualizer */ = {
			isa = PBXNativeTarget;
			buildConfigurationList = 80EE09D6196A4C4A00B77AB0 /* Build configuration list for PBXNativeTarget "CarbonVisualizer" */;
			buildPhases = (
				80EE09B6196A4C4A00B77AB0 /* Sources */,
				80EE09B7196A4C4A00B77AB0 /* Frameworks */,
				80EE09B8196A4C4A00B77AB0 /* Resources */,
			);
			buildRules = (
			);
			dependencies = (
			);
			name = CarbonVisualizer;
			productName = CarbonVisualizer;
			productReference = 80EE09BA196A4C4A00B77AB0 /* CarbonVisualizer.app */;
			productType = "com.apple.product-type.application";
		};
/* End PBXNativeTarget section */

/* Begin PBXProject section */
		80EE09B2196A4C4A00B77AB0 /* Project object */ = {
			isa = PBXProject;
			attributes = {
				LastUpgradeCheck = 0600;
				ORGANIZATIONNAME = RayWenderlich;
				TargetAttributes = {
					80EE09B9196A4C4A00B77AB0 = {
						CreatedOnToolsVersion = 6.0;
					};
				};
			};
			buildConfigurationList = 80EE09B5196A4C4A00B77AB0 /* Build configuration list for PBXProject "CarbonVisualizer" */;
			compatibilityVersion = "Xcode 3.2";
			developmentRegion = English;
			hasScannedForEncodings = 0;
			knownRegions = (
				en,
				Base,
			);
			mainGroup = 80EE09B1196A4C4A00B77AB0;
			productRefGroup = 80EE09BB196A4C4A00B77AB0 /* Products */;
			projectDirPath = "";
			projectRoot = "";
			targets = (
				80EE09B9196A4C4A00B77AB0 /* CarbonVisualizer */,
			);
		};
/* End PBXProject section */

/* Begin PBXResourcesBuildPhase section */
		80EE09B8196A4C4A00B77AB0 /* Resources */ = {
			isa = PBXResourcesBuildPhase;
			buildActionMask = 2147483647;
			files = (
				1A2CE13C1B7FD3DE00EC712F /* EthanolScene.dae in Resources */,
				1A2CE13D1B7FD3DE00EC712F /* Images.xcassets in Resources */,
				1A2CE1401B7FD3DE00EC712F /* Main.storyboard in Resources */,
			);
			runOnlyForDeploymentPostprocessing = 0;
		};
/* End PBXResourcesBuildPhase section */

/* Begin PBXSourcesBuildPhase section */
		80EE09B6196A4C4A00B77AB0 /* Sources */ = {
			isa = PBXSourcesBuildPhase;
			buildActionMask = 2147483647;
			files = (
				1A2CE13E1B7FD3DE00EC712F /* AppDelegate.swift in Sources */,
				1A2CE13A1B7FD3DE00EC712F /* Atoms.swift in Sources */,
				1A2CE13B1B7FD3DE00EC712F /* Molecules.swift in Sources */,
				1A2CE1391B7FD3DE00EC712F /* ViewController.swift in Sources */,
			);
			runOnlyForDeploymentPostprocessing = 0;
		};
/* End PBXSourcesBuildPhase section */

/* Begin XCBuildConfiguration section */
		80EE09D4196A4C4A00B77AB0 /* Debug */ = {
			isa = XCBuildConfiguration;
			buildSettings = {
				ALWAYS_SEARCH_USER_PATHS = NO;
				CLANG_CXX_LANGUAGE_STANDARD = "gnu++0x";
				CLANG_CXX_LIBRARY = "libc++";
				CLANG_ENABLE_MODULES = YES;
				CLANG_ENABLE_OBJC_ARC = YES;
				CLANG_WARN_BOOL_CONVERSION = YES;
				CLANG_WARN_CONSTANT_CONVERSION = YES;
				CLANG_WARN_DIRECT_OBJC_ISA_USAGE = YES_ERROR;
				CLANG_WARN_EMPTY_BODY = YES;
				CLANG_WARN_ENUM_CONVERSION = YES;
				CLANG_WARN_INT_CONVERSION = YES;
				CLANG_WARN_OBJC_ROOT_CLASS = YES_ERROR;
				CLANG_WARN_UNREACHABLE_CODE = YES;
				CLANG_WARN__DUPLICATE_METHOD_MATCH = YES;
				"CODE_SIGN_IDENTITY[sdk=iphoneos*]" = "iPhone Developer";
				COPY_PHASE_STRIP = NO;
				ENABLE_STRICT_OBJC_MSGSEND = YES;
				GCC_C_LANGUAGE_STANDARD = gnu99;
				GCC_DYNAMIC_NO_PIC = NO;
				GCC_OPTIMIZATION_LEVEL = 0;
				GCC_PREPROCESSOR_DEFINITIONS = (
					"DEBUG=1",
					"$(inherited)",
				);
				GCC_SYMBOLS_PRIVATE_EXTERN = NO;
				GCC_WARN_64_TO_32_BIT_CONVERSION = YES;
				GCC_WARN_ABOUT_RETURN_TYPE = YES_ERROR;
				GCC_WARN_UNDECLARED_SELECTOR = YES;
				GCC_WARN_UNINITIALIZED_AUTOS = YES_AGGRESSIVE;
				GCC_WARN_UNUSED_FUNCTION = YES;
				GCC_WARN_UNUSED_VARIABLE = YES;
				IPHONEOS_DEPLOYMENT_TARGET = 8.0;
				METAL_ENABLE_DEBUG_INFO = YES;
				ONLY_ACTIVE_ARCH = YES;
				SDKROOT = iphoneos;
				SWIFT_OPTIMIZATION_LEVEL = "-Onone";
				TARGETED_DEVICE_FAMILY = "1,2";
			};
			name = Debug;
		};
		80EE09D5196A4C4A00B77AB0 /* Release */ = {
			isa = XCBuildConfiguration;
			buildSettings = {
				ALWAYS_SEARCH_USER_PATHS = NO;
				CLANG_CXX_LANGUAGE_STANDARD = "gnu++0x";
				CLANG_CXX_LIBRARY = "libc++";
				CLANG_ENABLE_MODULES = YES;
				CLANG_ENABLE_OBJC_ARC = YES;
				CLANG_WARN_BOOL_CONVERSION = YES;
				CLANG_WARN_CONSTANT_CONVERSION = YES;
				CLANG_WARN_DIRECT_OBJC_ISA_USAGE = YES_ERROR;
				CLANG_WARN_EMPTY_BODY = YES;
				CLANG_WARN_ENUM_CONVERSION = YES;
				CLANG_WARN_INT_CONVERSION = YES;
				CLANG_WARN_OBJC_ROOT_CLASS = YES_ERROR;
				CLANG_WARN_UNREACHABLE_CODE = YES;
				CLANG_WARN__DUPLICATE_METHOD_MATCH = YES;
				"CODE_SIGN_IDENTITY[sdk=iphoneos*]" = "iPhone Developer";
				COPY_PHASE_STRIP = YES;
				ENABLE_NS_ASSERTIONS = NO;
				ENABLE_STRICT_OBJC_MSGSEND = YES;
				GCC_C_LANGUAGE_STANDARD = gnu99;
				GCC_WARN_64_TO_32_BIT_CONVERSION = YES;
				GCC_WARN_ABOUT_RETURN_TYPE = YES_ERROR;
				GCC_WARN_UNDECLARED_SELECTOR = YES;
				GCC_WARN_UNINITIALIZED_AUTOS = YES_AGGRESSIVE;
				GCC_WARN_UNUSED_FUNCTION = YES;
				GCC_WARN_UNUSED_VARIABLE = YES;
				IPHONEOS_DEPLOYMENT_TARGET = 8.0;
				METAL_ENABLE_DEBUG_INFO = NO;
				SDKROOT = iphoneos;
				TARGETED_DEVICE_FAMILY = "1,2";
				VALIDATE_PRODUCT = YES;
			};
			name = Release;
		};
		80EE09D7196A4C4A00B77AB0 /* Debug */ = {
			isa = XCBuildConfiguration;
			buildSettings = {
				ASSETCATALOG_COMPILER_APPICON_NAME = AppIcon;
				ASSETCATALOG_COMPILER_LAUNCHIMAGE_NAME = LaunchImage;
				INFOPLIST_FILE = "$(SRCROOT)/CarbonVisualizer/Supporting-Files/Info.plist";
				LD_RUNPATH_SEARCH_PATHS = "$(inherited) @executable_path/Frameworks";
				ONLY_ACTIVE_ARCH = NO;
				PRODUCT_NAME = "$(TARGET_NAME)";
			};
			name = Debug;
		};
		80EE09D8196A4C4A00B77AB0 /* Release */ = {
			isa = XCBuildConfiguration;
			buildSettings = {
				ASSETCATALOG_COMPILER_APPICON_NAME = AppIcon;
				ASSETCATALOG_COMPILER_LAUNCHIMAGE_NAME = LaunchImage;
				INFOPLIST_FILE = "$(SRCROOT)/CarbonVisualizer/Supporting-Files/Info.plist";
				LD_RUNPATH_SEARCH_PATHS = "$(inherited) @executable_path/Frameworks";
				ONLY_ACTIVE_ARCH = NO;
				PRODUCT_NAME = "$(TARGET_NAME)";
			};
			name = Release;
		};
/* End XCBuildConfiguration section */

/* Begin XCConfigurationList section */
		80EE09B5196A4C4A00B77AB0 /* Build configuration list for PBXProject "CarbonVisualizer" */ = {
			isa = XCConfigurationList;
			buildConfigurations = (
				80EE09D4196A4C4A00B77AB0 /* Debug */,
				80EE09D5196A4C4A00B77AB0 /* Release */,
			);
			defaultConfigurationIsVisible = 0;
			defaultConfigurationName = Release;
		};
		80EE09D6196A4C4A00B77AB0 /* Build configuration list for PBXNativeTarget "CarbonVisualizer" */ = {
			isa = XCConfigurationList;
			buildConfigurations = (
				80EE09D7196A4C4A00B77AB0 /* Debug */,
				80EE09D8196A4C4A00B77AB0 /* Release */,
			);
			defaultConfigurationIsVisible = 0;
			defaultConfigurationName = Release;
		};
/* End XCConfigurationList section */
	};
	rootObject = 80EE09B2196A4C4A00B77AB0 /* Project object */;
}
